<?xml version="1.0" encoding="utf-8"?>
<Project ToolsVersion="4.0" xmlns="http://schemas.microsoft.com/developer/msbuild/2003">
  <ItemGroup>
    <Filter Include="源文件">
      <UniqueIdentifier>{4FC737F1-C7A5-4376-A066-2A32D752A2FF}</UniqueIdentifier>
      <Extensions>cpp;c;cc;cxx;def;odl;idl;hpj;bat;asm;asmx</Extensions>
    </Filter>
    <Filter Include="头文件">
      <UniqueIdentifier>{93995380-89BD-4b04-88EB-625FBE52EBFB}</UniqueIdentifier>
      <Extensions>h;hh;hpp;hxx;hm;inl;inc;xsd</Extensions>
    </Filter>
    <Filter Include="资源文件">
      <UniqueIdentifier>{67DA6AB6-F800-4c08-8B7A-83BB121AAD01}</UniqueIdentifier>
      <Extensions>rc;ico;cur;bmp;dlg;rc2;rct;bin;rgs;gif;jpg;jpeg;jpe;resx;tiff;tif;png;wav;mfcribbon-ms</Extensions>
    </Filter>
    <Filter Include="头文件\lwip">
      <UniqueIdentifier>{5f658e54-5d4f-4e61-8a55-30d6d516a4c1}</UniqueIdentifier>
    </Filter>
  </ItemGroup>
  <ItemGroup>
    <ClCompile Include="..\..\..\..\src\init.c">
      <Filter>源文件</Filter>
    </ClCompile>
    <ClCompile Include="..\..\..\..\src\memp.c">
      <Filter>源文件</Filter>
    </ClCompile>
    <ClCompile Include="..\..\..\..\src\pbuf.c">
      <Filter>源文件</Filter>
    </ClCompile>
    <ClCompile Include="..\..\..\..\src\stats.c">
      <Filter>源文件</Filter>
    </ClCompile>
    <ClCompile Include="..\..\..\..\src\tcp.c">
      <Filter>源文件</Filter>
    </ClCompile>
    <ClCompile Include="..\..\..\..\src\tcp_in.c">
      <Filter>源文件</Filter>
    </ClCompile>
    <ClCompile Include="..\..\..\..\src\tcp_out.c">
      <Filter>源文件</Filter>
    </ClCompile>
  </ItemGroup>
  <ItemGroup>
    <ClInclude Include="..\..\..\..\include\lwip\arch.h">
      <Filter>头文件\lwip</Filter>
    </ClInclude>
    <ClInclude Include="..\..\..\..\include\lwip\cc.h">
      <Filter>头文件\lwip</Filter>
    </ClInclude>
    <ClInclude Include="..\..\..\..\include\lwip\debug.h">
      <Filter>头文件\lwip</Filter>
    </ClInclude>
    <ClInclude Include="..\..\..\..\include\lwip\def.h">
      <Filter>头文件\lwip</Filter>
    </ClInclude>
    <ClInclude Include="..\..\..\..\include\lwip\err.h">
      <Filter>头文件\lwip</Filter>
    </ClInclude>
    <ClInclude Include="..\..\..\..\include\lwip\init.h">
      <Filter>头文件\lwip</Filter>
    </ClInclude>
    <ClInclude Include="..\..\..\..\include\lwip\lwipopts.h">
      <Filter>头文件\lwip</Filter>
    </ClInclude>
    <ClInclude Include="..\..\..\..\include\lwip\mem.h">
      <Filter>头文件\lwip</Filter>
    </ClInclude>
    <ClInclude Include="..\..\..\..\include\lwip\memp.h">
      <Filter>头文件\lwip</Filter>
    </ClInclude>
    <ClInclude Include="..\..\..\..\include\lwip\memp_std.h">
      <Filter>头文件\lwip</Filter>
    </ClInclude>
    <ClInclude Include="..\..\..\..\include\lwip\opt.h">
      <Filter>头文件\lwip</Filter>
    </ClInclude>
    <ClInclude Include="..\..\..\..\include\lwip\pbuf.h">
      <Filter>头文件\lwip</Filter>
    </ClInclude>
    <ClInclude Include="..\..\..\..\include\lwip\stats.h">
      <Filter>头文件\lwip</Filter>
    </ClInclude>
    <ClInclude Include="..\..\..\..\include\lwip\tcp.h">
      <Filter>头文件\lwip</Filter>
    </ClInclude>
    <ClInclude Include="..\..\..\..\include\lwip\tcp_impl.h">
      <Filter>头文件\lwip</Filter>
    </ClInclude>
  </ItemGroup>
</Project>